# This file is autogenerated, do not edit; changes may be undone by the next 'dep ensure'.


[[projects]]
  name = "github.com/Luzifer/go_helpers"
  packages = [
    "accessLogger",
    "http"
  ]
  revision = "e31c3a2659d3f4901f696692cfe98bd0eb5168f9"
  version = "v2.2.0"

[[projects]]
  name = "github.com/Luzifer/rconfig"
  packages = ["."]
  revision = "7aef1d393c1e2d0758901853b59981c7adc67c7e"
  version = "v1.2.0"

[[projects]]
  name = "github.com/Sirupsen/logrus"
  packages = ["."]
  revision = "3ec0642a7fb6488f65b06f9040adc67e3990296a"

[[projects]]
  branch = "master"
  name = "github.com/Wessie/appdirs"
  packages = ["."]
  revision = "6573e894f8e294cbae0c4e45c25ff9f2e2918a4e"

[[projects]]
  name = "github.com/didip/tollbooth"
  packages = [
    ".",
    "config",
    "errors",
    "libstring"
  ]
  revision = "e11ced12e0e0bbfedbc1783fcf0a5ec7f9dc4856"

[[projects]]
  branch = "master"
  name = "github.com/flopp/go-coordsparser"
  packages = ["."]
  revision = "845bca739e263e1cd38de25024a47b4d6acbfc1f"

[[projects]]
  name = "github.com/flopp/go-staticmaps"
  packages = ["."]
  revision = "e8779c98399f6efad291d6504990daceeb9940a9"

[[projects]]
  name = "github.com/fogleman/gg"
  packages = ["."]
  revision = "ee8994ff90057955c428a5a949da5d064bf3ce6b"

[[projects]]
  name = "github.com/golang/freetype"
  packages = [
    "raster",
    "truetype"
  ]
  revision = "38b4c392adc5eed94207994c4848fff99f4ac234"

[[projects]]
  name = "github.com/golang/geo"
  packages = [
    "r1",
    "r2",
    "r3",
    "s1",
    "s2"
  ]
  revision = "f65fe014169924880aa2c95d7707c2da435534b9"

[[projects]]
  name = "github.com/gorilla/context"
  packages = ["."]
  revision = "1c83b3eabd45b6d76072b66b746c20815fb2872d"

[[projects]]
  name = "github.com/gorilla/mux"
  packages = ["."]
  revision = "49c024275504f0341e5a9971eb7ba7fa3dc7af40"

[[projects]]
  name = "github.com/lucasb-eyer/go-colorful"
  packages = ["."]
  revision = "c900de9dbbc73129068f5af6a823068fc5f2308c"

[[projects]]
  name = "github.com/patrickmn/go-cache"
  packages = ["."]
  revision = "7ac151875ffb48b9f3ccce9ea20f020b0c1596c8"

[[projects]]
  name = "github.com/spf13/pflag"
  packages = ["."]
  revision = "c7e63cf4530bcd3ba943729cee0efeff2ebea63f"

[[projects]]
  branch = "master"
  name = "github.com/tkrajina/gpxgo"
  packages = ["gpx"]
  revision = "7848cf26f5a58b4a4e23b89a4b67cfc3d52dd042"

[[projects]]
  name = "golang.org/x/image"
  packages = [
    "draw",
    "font",
    "font/basicfont",
    "font/plan9font",
    "math/f64",
    "math/fixed"
  ]
  revision = "97680175a5267bb8b31f1923e7a66df98013b11a"

[[projects]]
  name = "golang.org/x/net"
  packages = ["context"]
  revision = "dfe83d419c9403b40b19d08cdba2afec27b002f7"

[[projects]]
  name = "golang.org/x/sys"
  packages = ["unix"]
  revision = "8f0908ab3b2457e2e15403d3697c9ef5cb4b57a9"

[[projects]]
  name = "golang.org/x/time"
  packages = ["rate"]
  revision = "8be79e1e0910c292df4e79c241bb7e8f7e725959"

[[projects]]
  name = "gopkg.in/validator.v2"
  packages = ["."]
  revision = "07ffaad256c8e957050ad83d6472eb97d785013d"

[[projects]]
  name = "gopkg.in/yaml.v2"
  packages = ["."]
  revision = "31c299268d302dd0aa9a0dcf765a3d58971ac83f"

[solve-meta]
  analyzer-name = "dep"
  analyzer-version = 1
  inputs-digest = "3d56f50ffce992752c5b104c169174827eb4cb480ed07f718d3ce4f84bd1244e"
  solver-name = "gps-cdcl"
  solver-version = 1
