# This file is autogenerated, do not edit; changes may be undone by the next 'dep ensure'.


[[projects]]
  branch = "master"
  name = "github.com/Luzifer/go-staticmaps"
  packages = ["."]
  revision = "320790ed53294a789e715b3d0d5da8110efea1a2"

[[projects]]
  name = "github.com/Luzifer/go_helpers"
  packages = [
    "accessLogger",
    "http",
    "str"
  ]
  revision = "b0da2aa67ecc05ee4c8848d679b4a11a2fa578b2"
  version = "v2.6.0"

[[projects]]
  name = "github.com/Luzifer/rconfig"
  packages = ["."]
  revision = "7aef1d393c1e2d0758901853b59981c7adc67c7e"
  version = "v1.2.0"

[[projects]]
  branch = "master"
  name = "github.com/Wessie/appdirs"
  packages = ["."]
  revision = "6573e894f8e294cbae0c4e45c25ff9f2e2918a4e"

[[projects]]
  name = "github.com/didip/tollbooth"
  packages = [
    ".",
    "errors",
    "libstring",
    "limiter"
  ]
  revision = "c95eaa3ddc98f635a91e218b48727fb2e06613ea"
  version = "v4.0.0"

[[projects]]
  branch = "master"
  name = "github.com/flopp/go-coordsparser"
  packages = ["."]
  revision = "845bca739e263e1cd38de25024a47b4d6acbfc1f"

[[projects]]
  name = "github.com/fogleman/gg"
  packages = ["."]
  revision = "6166aa3c1afaee416f384645a81636267aee6d25"
  version = "v1.0.0"

[[projects]]
  branch = "master"
  name = "github.com/golang/freetype"
  packages = [
    "raster",
    "truetype"
  ]
  revision = "e2365dfdc4a05e4b8299a783240d4a7d5a65d4e4"

[[projects]]
  branch = "master"
  name = "github.com/golang/geo"
  packages = [
    "r1",
    "r2",
    "r3",
    "s1",
    "s2"
  ]
  revision = "e41ca803f92c4c1770133cfa5b4fc8249a7dbe82"

[[projects]]
  name = "github.com/gorilla/context"
  packages = ["."]
  revision = "08b5f424b9271eedf6f9f0ce86cb9396ed337a42"
  version = "v1.1.1"

[[projects]]
  name = "github.com/gorilla/mux"
  packages = ["."]
  revision = "e3702bed27f0d39777b0b37b664b6280e8ef8fbf"
  version = "v1.6.2"

[[projects]]
  branch = "master"
  name = "github.com/lucasb-eyer/go-colorful"
  packages = ["."]
  revision = "d9cec903b20cbeda6062366e460c2c1bdc717e4d"

[[projects]]
  name = "github.com/patrickmn/go-cache"
  packages = ["."]
  revision = "a3647f8e31d79543b2d0f0ae2fe5c379d72cedc0"
  version = "v2.1.0"

[[projects]]
  name = "github.com/sirupsen/logrus"
  packages = ["."]
  revision = "c155da19408a8799da419ed3eeb0cb5db0ad5dbc"
  version = "v1.0.5"

[[projects]]
  name = "github.com/spf13/pflag"
  packages = ["."]
  revision = "583c0c0531f06d5278b7d917446061adc344b5cd"
  version = "v1.0.1"

[[projects]]
  branch = "master"
  name = "github.com/tkrajina/gpxgo"
  packages = ["gpx"]
  revision = "7848cf26f5a58b4a4e23b89a4b67cfc3d52dd042"

[[projects]]
  branch = "master"
  name = "golang.org/x/crypto"
  packages = ["ssh/terminal"]
  revision = "027cca12c2d63e3d62b670d901e8a2c95854feec"

[[projects]]
  branch = "master"
  name = "golang.org/x/image"
  packages = [
    "font",
    "font/basicfont",
    "font/plan9font",
    "math/fixed"
  ]
  revision = "af66defab954cb421ca110193eed9477c8541e2a"

[[projects]]
  branch = "master"
  name = "golang.org/x/net"
  packages = ["context"]
  revision = "db08ff08e8622530d9ed3a0e8ac279f6d4c02196"

[[projects]]
  branch = "master"
  name = "golang.org/x/sys"
  packages = [
    "unix",
    "windows"
  ]
  revision = "6c888cc515d3ed83fc103cf1d84468aad274b0a7"

[[projects]]
  branch = "master"
  name = "golang.org/x/time"
  packages = ["rate"]
  revision = "fbb02b2291d28baffd63558aa44b4b56f178d650"

[[projects]]
  branch = "v2"
  name = "gopkg.in/validator.v2"
  packages = ["."]
  revision = "135c24b11c19e52befcae2ec3fca5d9b78c4e98e"

[[projects]]
  name = "gopkg.in/yaml.v2"
  packages = ["."]
  revision = "5420a8b6744d3b0345ab293f6fcba19c978f1183"
  version = "v2.2.1"

[solve-meta]
  analyzer-name = "dep"
  analyzer-version = 1
  inputs-digest = "c59f72846eca4898dab7e7c3fc9a28b340f42aafbe4ac4866ad1ae33c382ea76"
  solver-name = "gps-cdcl"
  solver-version = 1
